cookbook 'apt', :locked_version => '1.9.2'
cookbook 'sudo', :locked_version => '2.0.4'
cookbook 'rvm', :git => 'git://github.com/fnichol/chef-rvm.git', :ref => '7038fb8c518d0d7785767de215b1ae463f237973'
cookbook 'vim', :locked_version => '1.0.2'
cookbook 'oh-my-zsh', :git => 'git://github.com/shingara/oh-my-zsh-chef.git', :ref => '7da60eca90b9a0b2c2d42b9af02364ab04421043'
cookbook 'java', :locked_version => '1.10.0'
cookbook 'windows', :locked_version => '1.8.8'
cookbook 'chef_handler', :locked_version => '1.1.4'
cookbook 'chef_gem', :locked_version => '0.1.0'
cookbook 'git', :locked_version => '2.5.0'
cookbook 'dmg', :locked_version => '1.1.0'
cookbook 'build-essential', :locked_version => '1.4.0'
cookbook 'yum', :locked_version => '2.2.0'
cookbook 'runit', :locked_version => '1.1.4'